
Microsoft Visual Studio Solution File, Format Version 12.00
# Visual Studio 14
VisualStudioVersion = 14.0.25420.1
MinimumVisualStudioVersion = 10.0.40219.1
Project("{8BC9CEB8-8B4A-11D0-8D11-00A0C91BC942}") = "Predavanje", "Predavanje\Predavanje.vcxproj", "{4B69A6F3-F3EB-45E0-827A-F5D7CBDC213F}"
EndProject
Project("{8BC9CEB8-8B4A-11D0-8D11-00A0C91BC942}") = "Zadatak 2", "Zadatak 2\Zadatak 2.vcxproj", "{FB80F407-13DE-47E0-A6E0-54DF9AE3DDC2}"
EndProject
Project("{8BC9CEB8-8B4A-11D0-8D11-00A0C91BC942}") = "Zadatak 3", "Zadatak 3\Zadatak 3.vcxproj", "{0D86511D-8426-4795-9BEE-FAF6356465BF}"
EndProject
Project("{8BC9CEB8-8B4A-11D0-8D11-00A0C91BC942}") = "Zadatak 4", "Zadatak 4\Zadatak 4.vcxproj", "{08D48AF7-9D1B-41A6-9835-F3682C34D285}"
EndProject
Project("{8BC9CEB8-8B4A-11D0-8D11-00A0C91BC942}") = "Zadatak 5", "Zadatak 5\Zadatak 5.vcxproj", "{AD05DDB1-9A8A-4B43-A7E5-0C692AC7003A}"
EndProject
Project("{8BC9CEB8-8B4A-11D0-8D11-00A0C91BC942}") = "Project1", "Project1\Project1.vcxproj", "{60661B55-3209-4846-A245-1F6256BBB74B}"
EndProject
Global
	GlobalSection(SolutionConfigurationPlatforms) = preSolution
		Debug|x64 = Debug|x64
		Debug|x86 = Debug|x86
		Release|x64 = Release|x64
		Release|x86 = Release|x86
	EndGlobalSection
	GlobalSection(ProjectConfigurationPlatforms) = postSolution
		{4B69A6F3-F3EB-45E0-827A-F5D7CBDC213F}.Debug|x64.ActiveCfg = Debug|x64
		{4B69A6F3-F3EB-45E0-827A-F5D7CBDC213F}.Debug|x64.Build.0 = Debug|x64
		{4B69A6F3-F3EB-45E0-827A-F5D7CBDC213F}.Debug|x86.ActiveCfg = Debug|Win32
		{4B69A6F3-F3EB-45E0-827A-F5D7CBDC213F}.Debug|x86.Build.0 = Debug|Win32
		{4B69A6F3-F3EB-45E0-827A-F5D7CBDC213F}.Release|x64.ActiveCfg = Release|x64
		{4B69A6F3-F3EB-45E0-827A-F5D7CBDC213F}.Release|x64.Build.0 = Release|x64
		{4B69A6F3-F3EB-45E0-827A-F5D7CBDC213F}.Release|x86.ActiveCfg = Release|Win32
		{4B69A6F3-F3EB-45E0-827A-F5D7CBDC213F}.Release|x86.Build.0 = Release|Win32
		{FB80F407-13DE-47E0-A6E0-54DF9AE3DDC2}.Debug|x64.ActiveCfg = Debug|x64
		{FB80F407-13DE-47E0-A6E0-54DF9AE3DDC2}.Debug|x64.Build.0 = Debug|x64
		{FB80F407-13DE-47E0-A6E0-54DF9AE3DDC2}.Debug|x86.ActiveCfg = Debug|Win32
		{FB80F407-13DE-47E0-A6E0-54DF9AE3DDC2}.Debug|x86.Build.0 = Debug|Win32
		{FB80F407-13DE-47E0-A6E0-54DF9AE3DDC2}.Release|x64.ActiveCfg = Release|x64
		{FB80F407-13DE-47E0-A6E0-54DF9AE3DDC2}.Release|x64.Build.0 = Release|x64
		{FB80F407-13DE-47E0-A6E0-54DF9AE3DDC2}.Release|x86.ActiveCfg = Release|Win32
		{FB80F407-13DE-47E0-A6E0-54DF9AE3DDC2}.Release|x86.Build.0 = Release|Win32
		{0D86511D-8426-4795-9BEE-FAF6356465BF}.Debug|x64.ActiveCfg = Debug|x64
		{0D86511D-8426-4795-9BEE-FAF6356465BF}.Debug|x64.Build.0 = Debug|x64
		{0D86511D-8426-4795-9BEE-FAF6356465BF}.Debug|x86.ActiveCfg = Debug|Win32
		{0D86511D-8426-4795-9BEE-FAF6356465BF}.Debug|x86.Build.0 = Debug|Win32
		{0D86511D-8426-4795-9BEE-FAF6356465BF}.Release|x64.ActiveCfg = Release|x64
		{0D86511D-8426-4795-9BEE-FAF6356465BF}.Release|x64.Build.0 = Release|x64
		{0D86511D-8426-4795-9BEE-FAF6356465BF}.Release|x86.ActiveCfg = Release|Win32
		{0D86511D-8426-4795-9BEE-FAF6356465BF}.Release|x86.Build.0 = Release|Win32
		{08D48AF7-9D1B-41A6-9835-F3682C34D285}.Debug|x64.ActiveCfg = Debug|x64
		{08D48AF7-9D1B-41A6-9835-F3682C34D285}.Debug|x64.Build.0 = Debug|x64
		{08D48AF7-9D1B-41A6-9835-F3682C34D285}.Debug|x86.ActiveCfg = Debug|Win32
		{08D48AF7-9D1B-41A6-9835-F3682C34D285}.Debug|x86.Build.0 = Debug|Win32
		{08D48AF7-9D1B-41A6-9835-F3682C34D285}.Release|x64.ActiveCfg = Release|x64
		{08D48AF7-9D1B-41A6-9835-F3682C34D285}.Release|x64.Build.0 = Release|x64
		{08D48AF7-9D1B-41A6-9835-F3682C34D285}.Release|x86.ActiveCfg = Release|Win32
		{08D48AF7-9D1B-41A6-9835-F3682C34D285}.Release|x86.Build.0 = Release|Win32
		{AD05DDB1-9A8A-4B43-A7E5-0C692AC7003A}.Debug|x64.ActiveCfg = Debug|x64
		{AD05DDB1-9A8A-4B43-A7E5-0C692AC7003A}.Debug|x64.Build.0 = Debug|x64
		{AD05DDB1-9A8A-4B43-A7E5-0C692AC7003A}.Debug|x86.ActiveCfg = Debug|Win32
		{AD05DDB1-9A8A-4B43-A7E5-0C692AC7003A}.Debug|x86.Build.0 = Debug|Win32
		{AD05DDB1-9A8A-4B43-A7E5-0C692AC7003A}.Release|x64.ActiveCfg = Release|x64
		{AD05DDB1-9A8A-4B43-A7E5-0C692AC7003A}.Release|x64.Build.0 = Release|x64
		{AD05DDB1-9A8A-4B43-A7E5-0C692AC7003A}.Release|x86.ActiveCfg = Release|Win32
		{AD05DDB1-9A8A-4B43-A7E5-0C692AC7003A}.Release|x86.Build.0 = Release|Win32
		{60661B55-3209-4846-A245-1F6256BBB74B}.Debug|x64.ActiveCfg = Debug|x64
		{60661B55-3209-4846-A245-1F6256BBB74B}.Debug|x64.Build.0 = Debug|x64
		{60661B55-3209-4846-A245-1F6256BBB74B}.Debug|x86.ActiveCfg = Debug|Win32
		{60661B55-3209-4846-A245-1F6256BBB74B}.Debug|x86.Build.0 = Debug|Win32
		{60661B55-3209-4846-A245-1F6256BBB74B}.Release|x64.ActiveCfg = Release|x64
		{60661B55-3209-4846-A245-1F6256BBB74B}.Release|x64.Build.0 = Release|x64
		{60661B55-3209-4846-A245-1F6256BBB74B}.Release|x86.ActiveCfg = Release|Win32
		{60661B55-3209-4846-A245-1F6256BBB74B}.Release|x86.Build.0 = Release|Win32
	EndGlobalSection
	GlobalSection(SolutionProperties) = preSolution
		HideSolutionNode = FALSE
	EndGlobalSection
EndGlobal
